
Microsoft Visual Studio Solution File, Format Version 12.00
# Visual Studio 15
VisualStudioVersion = 15.0.27703.2026
MinimumVisualStudioVersion = 10.0.40219.1
Project("{CC5FD16D-436D-48AD-A40C-5A424C6E3E79}") = "jobspoc-jenkins-repo", "jobspoc-jenkins-repo\jobspoc-jenkins-repo.ccproj", "{C2A11235-DCCF-4EB1-A4C1-9BC77C9BCDA1}"
EndProject
Project("{9092AA53-FB77-4645-B42D-1CCCA6BD08BD}") = "WorkerRole1", "WorkerRole1\WorkerRole1.njsproj", "{67971262-5587-483B-9E13-836136251F32}"
EndProject
Global
	GlobalSection(SolutionConfigurationPlatforms) = preSolution
		Debug|Any CPU = Debug|Any CPU
		Release|Any CPU = Release|Any CPU
	EndGlobalSection
	GlobalSection(ProjectConfigurationPlatforms) = postSolution
		{C2A11235-DCCF-4EB1-A4C1-9BC77C9BCDA1}.Debug|Any CPU.ActiveCfg = Debug|Any CPU
		{C2A11235-DCCF-4EB1-A4C1-9BC77C9BCDA1}.Debug|Any CPU.Build.0 = Debug|Any CPU
		{C2A11235-DCCF-4EB1-A4C1-9BC77C9BCDA1}.Release|Any CPU.ActiveCfg = Release|Any CPU
		{C2A11235-DCCF-4EB1-A4C1-9BC77C9BCDA1}.Release|Any CPU.Build.0 = Release|Any CPU
		{67971262-5587-483B-9E13-836136251F32}.Debug|Any CPU.ActiveCfg = Debug|Any CPU
		{67971262-5587-483B-9E13-836136251F32}.Debug|Any CPU.Build.0 = Debug|Any CPU
		{67971262-5587-483B-9E13-836136251F32}.Release|Any CPU.ActiveCfg = Release|Any CPU
		{67971262-5587-483B-9E13-836136251F32}.Release|Any CPU.Build.0 = Release|Any CPU
	EndGlobalSection
	GlobalSection(SolutionProperties) = preSolution
		HideSolutionNode = FALSE
	EndGlobalSection
	GlobalSection(ExtensibilityGlobals) = postSolution
		SolutionGuid = {4D3F9493-61EC-4D86-92A6-7AC972AA7150}
	EndGlobalSection
EndGlobal
